
Microsoft Visual Studio Solution File, Format Version 12.00
# Visual Studio Version 17
VisualStudioVersion = 17.4.33110.190
MinimumVisualStudioVersion = 10.0.40219.1
Project("{FAE04EC0-301F-11D3-BF4B-00C04F79EFBC}") = "probarControles", "probarControles.csproj", "{688DF4DE-A98C-4278-A48F-3AB445CCB644}"
EndProject
Global
	GlobalSection(SolutionConfigurationPlatforms) = preSolution
		Debug|Any CPU = Debug|Any CPU
		Release|Any CPU = Release|Any CPU
	EndGlobalSection
	GlobalSection(ProjectConfigurationPlatforms) = postSolution
		{688DF4DE-A98C-4278-A48F-3AB445CCB644}.Debug|Any CPU.ActiveCfg = Debug|Any CPU
		{688DF4DE-A98C-4278-A48F-3AB445CCB644}.Debug|Any CPU.Build.0 = Debug|Any CPU
		{688DF4DE-A98C-4278-A48F-3AB445CCB644}.Release|Any CPU.ActiveCfg = Release|Any CPU
		{688DF4DE-A98C-4278-A48F-3AB445CCB644}.Release|Any CPU.Build.0 = Release|Any CPU
	EndGlobalSection
	GlobalSection(SolutionProperties) = preSolution
		HideSolutionNode = FALSE
	EndGlobalSection
	GlobalSection(ExtensibilityGlobals) = postSolution
		SolutionGuid = {306F7F74-C863-47CF-8D74-1DA2D6F09D83}
	EndGlobalSection
EndGlobal
